Microsoft Visual Studio Solution File, Format Version 11.00
# Visual Studio 2008

Project("{71ABDF09-EA3F-9EFB-2FC7-ABAE36672B82}") = "Blinky", "Assembly-CSharp.csproj", "{A929127A-9F2B-98E0-CAEC-C487F2024DB6}"
EndProject
Project("{71ABDF09-EA3F-9EFB-2FC7-ABAE36672B82}") = "Blinky", "Assembly-CSharp-Editor.csproj", "{8FD1DAE2-F466-3AC7-8C5A-5C87387F9A23}"
EndProject
Project("{71ABDF09-EA3F-9EFB-2FC7-ABAE36672B82}") = "Blinky", "Assembly-UnityScript.unityproj", "{2B19038B-4092-A753-8442-E890423F8136}"
EndProject
Project("{71ABDF09-EA3F-9EFB-2FC7-ABAE36672B82}") = "Blinky", "Assembly-UnityScript-Editor.unityproj", "{DD34FA30-D20F-981A-9C36-255A65B8E13D}"
EndProject
Global
	GlobalSection(SolutionConfigurationPlatforms) = preSolution
		Debug|Any CPU = Debug|Any CPU
		Release|Any CPU = Release|Any CPU
	EndGlobalSection
	GlobalSection(ProjectConfigurationPlatforms) = postSolution
		{A929127A-9F2B-98E0-CAEC-C487F2024DB6}.Debug|Any CPU.ActiveCfg = Debug|Any CPU
		{A929127A-9F2B-98E0-CAEC-C487F2024DB6}.Debug|Any CPU.Build.0 = Debug|Any CPU
		{A929127A-9F2B-98E0-CAEC-C487F2024DB6}.Release|Any CPU.ActiveCfg = Release|Any CPU
		{A929127A-9F2B-98E0-CAEC-C487F2024DB6}.Release|Any CPU.Build.0 = Release|Any CPU
		{8FD1DAE2-F466-3AC7-8C5A-5C87387F9A23}.Debug|Any CPU.ActiveCfg = Debug|Any CPU
		{8FD1DAE2-F466-3AC7-8C5A-5C87387F9A23}.Debug|Any CPU.Build.0 = Debug|Any CPU
		{8FD1DAE2-F466-3AC7-8C5A-5C87387F9A23}.Release|Any CPU.ActiveCfg = Release|Any CPU
		{8FD1DAE2-F466-3AC7-8C5A-5C87387F9A23}.Release|Any CPU.Build.0 = Release|Any CPU
		{2B19038B-4092-A753-8442-E890423F8136}.Debug|Any CPU.ActiveCfg = Debug|Any CPU
		{2B19038B-4092-A753-8442-E890423F8136}.Debug|Any CPU.Build.0 = Debug|Any CPU
		{2B19038B-4092-A753-8442-E890423F8136}.Release|Any CPU.ActiveCfg = Release|Any CPU
		{2B19038B-4092-A753-8442-E890423F8136}.Release|Any CPU.Build.0 = Release|Any CPU
		{DD34FA30-D20F-981A-9C36-255A65B8E13D}.Debug|Any CPU.ActiveCfg = Debug|Any CPU
		{DD34FA30-D20F-981A-9C36-255A65B8E13D}.Debug|Any CPU.Build.0 = Debug|Any CPU
		{DD34FA30-D20F-981A-9C36-255A65B8E13D}.Release|Any CPU.ActiveCfg = Release|Any CPU
		{DD34FA30-D20F-981A-9C36-255A65B8E13D}.Release|Any CPU.Build.0 = Release|Any CPU
	EndGlobalSection
	GlobalSection(SolutionProperties) = preSolution
		HideSolutionNode = FALSE
	EndGlobalSection
									GlobalSection(MonoDevelopProperties) = preSolution
		StartupItem = Assembly-CSharp.csproj
		Policies = $0
		$0.TextStylePolicy = $1
		$1.inheritsSet = null
		$1.scope = text/x-csharp
		$0.CSharpFormattingPolicy = $2
		$2.inheritsSet = Mono
		$2.inheritsScope = text/x-csharp
		$2.scope = text/x-csharp
		$0.TextStylePolicy = $3
		$3.FileWidth = 120
		$3.TabWidth = 4
		$3.EolMarker = Unix
		$3.inheritsSet = Mono
		$3.inheritsScope = text/plain
		$3.scope = text/plain
	EndGlobalSection

EndGlobal
